
Microsoft Visual Studio Solution File, Format Version 12.00
# Visual Studio Version 17
VisualStudioVersion = 17.0.31903.59
MinimumVisualStudioVersion = 10.0.40219.1
Project("{2150E333-8FDC-42A3-9474-1A3956D46DE8}") = "shared", "shared", "{4F52FD11-658E-A102-6CD3-7D7C16FFA15B}"
EndProject
Project("{FAE04EC0-301F-11D3-BF4B-00C04F79EFBC}") = "Shared.Contracts", "shared\Shared.Contracts\Shared.Contracts.csproj", "{9025E759-71D0-427C-BD31-C09C97942CEE}"
EndProject
Project("{FAE04EC0-301F-11D3-BF4B-00C04F79EFBC}") = "Shared.Infrastructure", "shared\Shared.Infrastructure\Shared.Infrastructure.csproj", "{BFEAB1E4-40D1-4641-AF5F-E01BAF8FA6F3}"
EndProject
Project("{2150E333-8FDC-42A3-9474-1A3956D46DE8}") = "services", "services", "{5854FF58-B8C5-05C6-5BF2-ACE42193F22B}"
EndProject
Project("{2150E333-8FDC-42A3-9474-1A3956D46DE8}") = "auth-service", "auth-service", "{7F6C3B85-1376-B120-7EF4-00D42A28B76F}"
EndProject
Project("{FAE04EC0-301F-11D3-BF4B-00C04F79EFBC}") = "AuthService.Api", "services\auth-service\AuthService.Api\AuthService.Api.csproj", "{8E4832E8-384D-4841-A8D2-46960482317A}"
EndProject
Project("{FAE04EC0-301F-11D3-BF4B-00C04F79EFBC}") = "AuthService.Tests", "services\auth-service\AuthService.Tests\AuthService.Tests.csproj", "{6BCE3827-9FD2-46FC-A55F-E1FAAC35FFE8}"
EndProject
Project("{2150E333-8FDC-42A3-9474-1A3956D46DE8}") = "gateway", "gateway", "{96888889-FC81-1FD9-7DA3-65FF32B7E052}"
EndProject
Project("{FAE04EC0-301F-11D3-BF4B-00C04F79EFBC}") = "Gateway", "services\gateway\Gateway\Gateway.csproj", "{F737533E-07DB-4B2B-8E2E-EDC0E5E663E8}"
EndProject
Global
	GlobalSection(SolutionConfigurationPlatforms) = preSolution
		Debug|Any CPU = Debug|Any CPU
		Debug|x64 = Debug|x64
		Debug|x86 = Debug|x86
		Release|Any CPU = Release|Any CPU
		Release|x64 = Release|x64
		Release|x86 = Release|x86
	EndGlobalSection
	GlobalSection(ProjectConfigurationPlatforms) = postSolution
		{9025E759-71D0-427C-BD31-C09C97942CEE}.Debug|Any CPU.ActiveCfg = Debug|Any CPU
		{9025E759-71D0-427C-BD31-C09C97942CEE}.Debug|Any CPU.Build.0 = Debug|Any CPU
		{9025E759-71D0-427C-BD31-C09C97942CEE}.Debug|x64.ActiveCfg = Debug|Any CPU
		{9025E759-71D0-427C-BD31-C09C97942CEE}.Debug|x64.Build.0 = Debug|Any CPU
		{9025E759-71D0-427C-BD31-C09C97942CEE}.Debug|x86.ActiveCfg = Debug|Any CPU
		{9025E759-71D0-427C-BD31-C09C97942CEE}.Debug|x86.Build.0 = Debug|Any CPU
		{9025E759-71D0-427C-BD31-C09C97942CEE}.Release|Any CPU.ActiveCfg = Release|Any CPU
		{9025E759-71D0-427C-BD31-C09C97942CEE}.Release|Any CPU.Build.0 = Release|Any CPU
		{9025E759-71D0-427C-BD31-C09C97942CEE}.Release|x64.ActiveCfg = Release|Any CPU
		{9025E759-71D0-427C-BD31-C09C97942CEE}.Release|x64.Build.0 = Release|Any CPU
		{9025E759-71D0-427C-BD31-C09C97942CEE}.Release|x86.ActiveCfg = Release|Any CPU
		{9025E759-71D0-427C-BD31-C09C97942CEE}.Release|x86.Build.0 = Release|Any CPU
		{BFEAB1E4-40D1-4641-AF5F-E01BAF8FA6F3}.Debug|Any CPU.ActiveCfg = Debug|Any CPU
		{BFEAB1E4-40D1-4641-AF5F-E01BAF8FA6F3}.Debug|Any CPU.Build.0 = Debug|Any CPU
		{BFEAB1E4-40D1-4641-AF5F-E01BAF8FA6F3}.Debug|x64.ActiveCfg = Debug|Any CPU
		{BFEAB1E4-40D1-4641-AF5F-E01BAF8FA6F3}.Debug|x64.Build.0 = Debug|Any CPU
		{BFEAB1E4-40D1-4641-AF5F-E01BAF8FA6F3}.Debug|x86.ActiveCfg = Debug|Any CPU
		{BFEAB1E4-40D1-4641-AF5F-E01BAF8FA6F3}.Debug|x86.Build.0 = Debug|Any CPU
		{BFEAB1E4-40D1-4641-AF5F-E01BAF8FA6F3}.Release|Any CPU.ActiveCfg = Release|Any CPU
		{BFEAB1E4-40D1-4641-AF5F-E01BAF8FA6F3}.Release|Any CPU.Build.0 = Release|Any CPU
		{BFEAB1E4-40D1-4641-AF5F-E01BAF8FA6F3}.Release|x64.ActiveCfg = Release|Any CPU
		{BFEAB1E4-40D1-4641-AF5F-E01BAF8FA6F3}.Release|x64.Build.0 = Release|Any CPU
		{BFEAB1E4-40D1-4641-AF5F-E01BAF8FA6F3}.Release|x86.ActiveCfg = Release|Any CPU
		{BFEAB1E4-40D1-4641-AF5F-E01BAF8FA6F3}.Release|x86.Build.0 = Release|Any CPU
		{8E4832E8-384D-4841-A8D2-46960482317A}.Debug|Any CPU.ActiveCfg = Debug|Any CPU
		{8E4832E8-384D-4841-A8D2-46960482317A}.Debug|Any CPU.Build.0 = Debug|Any CPU
		{8E4832E8-384D-4841-A8D2-46960482317A}.Debug|x64.ActiveCfg = Debug|Any CPU
		{8E4832E8-384D-4841-A8D2-46960482317A}.Debug|x64.Build.0 = Debug|Any CPU
		{8E4832E8-384D-4841-A8D2-46960482317A}.Debug|x86.ActiveCfg = Debug|Any CPU
		{8E4832E8-384D-4841-A8D2-46960482317A}.Debug|x86.Build.0 = Debug|Any CPU
		{8E4832E8-384D-4841-A8D2-46960482317A}.Release|Any CPU.ActiveCfg = Release|Any CPU
		{8E4832E8-384D-4841-A8D2-46960482317A}.Release|Any CPU.Build.0 = Release|Any CPU
		{8E4832E8-384D-4841-A8D2-46960482317A}.Release|x64.ActiveCfg = Release|Any CPU
		{8E4832E8-384D-4841-A8D2-46960482317A}.Release|x64.Build.0 = Release|Any CPU
		{8E4832E8-384D-4841-A8D2-46960482317A}.Release|x86.ActiveCfg = Release|Any CPU
		{8E4832E8-384D-4841-A8D2-46960482317A}.Release|x86.Build.0 = Release|Any CPU
		{6BCE3827-9FD2-46FC-A55F-E1FAAC35FFE8}.Debug|Any CPU.ActiveCfg = Debug|Any CPU
		{6BCE3827-9FD2-46FC-A55F-E1FAAC35FFE8}.Debug|Any CPU.Build.0 = Debug|Any CPU
		{6BCE3827-9FD2-46FC-A55F-E1FAAC35FFE8}.Debug|x64.ActiveCfg = Debug|Any CPU
		{6BCE3827-9FD2-46FC-A55F-E1FAAC35FFE8}.Debug|x64.Build.0 = Debug|Any CPU
		{6BCE3827-9FD2-46FC-A55F-E1FAAC35FFE8}.Debug|x86.ActiveCfg = Debug|Any CPU
		{6BCE3827-9FD2-46FC-A55F-E1FAAC35FFE8}.Debug|x86.Build.0 = Debug|Any CPU
		{6BCE3827-9FD2-46FC-A55F-E1FAAC35FFE8}.Release|Any CPU.ActiveCfg = Release|Any CPU
		{6BCE3827-9FD2-46FC-A55F-E1FAAC35FFE8}.Release|Any CPU.Build.0 = Release|Any CPU
		{6BCE3827-9FD2-46FC-A55F-E1FAAC35FFE8}.Release|x64.ActiveCfg = Release|Any CPU
		{6BCE3827-9FD2-46FC-A55F-E1FAAC35FFE8}.Release|x64.Build.0 = Release|Any CPU
		{6BCE3827-9FD2-46FC-A55F-E1FAAC35FFE8}.Release|x86.ActiveCfg = Release|Any CPU
		{6BCE3827-9FD2-46FC-A55F-E1FAAC35FFE8}.Release|x86.Build.0 = Release|Any CPU
		{F737533E-07DB-4B2B-8E2E-EDC0E5E663E8}.Debug|Any CPU.ActiveCfg = Debug|Any CPU
		{F737533E-07DB-4B2B-8E2E-EDC0E5E663E8}.Debug|Any CPU.Build.0 = Debug|Any CPU
		{F737533E-07DB-4B2B-8E2E-EDC0E5E663E8}.Debug|x64.ActiveCfg = Debug|Any CPU
		{F737533E-07DB-4B2B-8E2E-EDC0E5E663E8}.Debug|x64.Build.0 = Debug|Any CPU
		{F737533E-07DB-4B2B-8E2E-EDC0E5E663E8}.Debug|x86.ActiveCfg = Debug|Any CPU
		{F737533E-07DB-4B2B-8E2E-EDC0E5E663E8}.Debug|x86.Build.0 = Debug|Any CPU
		{F737533E-07DB-4B2B-8E2E-EDC0E5E663E8}.Release|Any CPU.ActiveCfg = Release|Any CPU
		{F737533E-07DB-4B2B-8E2E-EDC0E5E663E8}.Release|Any CPU.Build.0 = Release|Any CPU
		{F737533E-07DB-4B2B-8E2E-EDC0E5E663E8}.Release|x64.ActiveCfg = Release|Any CPU
		{F737533E-07DB-4B2B-8E2E-EDC0E5E663E8}.Release|x64.Build.0 = Release|Any CPU
		{F737533E-07DB-4B2B-8E2E-EDC0E5E663E8}.Release|x86.ActiveCfg = Release|Any CPU
		{F737533E-07DB-4B2B-8E2E-EDC0E5E663E8}.Release|x86.Build.0 = Release|Any CPU
	EndGlobalSection
	GlobalSection(SolutionProperties) = preSolution
		HideSolutionNode = FALSE
	EndGlobalSection
	GlobalSection(NestedProjects) = preSolution
		{9025E759-71D0-427C-BD31-C09C97942CEE} = {4F52FD11-658E-A102-6CD3-7D7C16FFA15B}
		{BFEAB1E4-40D1-4641-AF5F-E01BAF8FA6F3} = {4F52FD11-658E-A102-6CD3-7D7C16FFA15B}
		{7F6C3B85-1376-B120-7EF4-00D42A28B76F} = {5854FF58-B8C5-05C6-5BF2-ACE42193F22B}
		{8E4832E8-384D-4841-A8D2-46960482317A} = {7F6C3B85-1376-B120-7EF4-00D42A28B76F}
		{6BCE3827-9FD2-46FC-A55F-E1FAAC35FFE8} = {7F6C3B85-1376-B120-7EF4-00D42A28B76F}
		{96888889-FC81-1FD9-7DA3-65FF32B7E052} = {5854FF58-B8C5-05C6-5BF2-ACE42193F22B}
		{F737533E-07DB-4B2B-8E2E-EDC0E5E663E8} = {96888889-FC81-1FD9-7DA3-65FF32B7E052}
	EndGlobalSection
EndGlobal
